// !$*UTF8*$!
{
	archiveVersion = 1;
	classes = {
	};
	objectVersion = 50;
	objects = {

/* Begin PBXBuildFile section */
		4A4CAB6AF1B79E27BAE286BD /* Pods_APIKeyPractice.framework in Frameworks */ = {isa = PBXBuildFile; fileRef = 16A2A8BEFE3632D54088494E /* Pods_APIKeyPractice.framework */; };
		7579EBB22635623900AE29D3 /* AppDelegate.swift in Sources */ = {isa = PBXBuildFile; fileRef = 7579EBB12635623900AE29D3 /* AppDelegate.swift */; };
		7579EBB42635623900AE29D3 /* SceneDelegate.swift in Sources */ = {isa = PBXBuildFile; fileRef = 7579EBB32635623900AE29D3 /* SceneDelegate.swift */; };
		7579EBB62635623900AE29D3 /* ViewController.swift in Sources */ = {isa = PBXBuildFile; fileRef = 7579EBB52635623900AE29D3 /* ViewController.swift */; };
		7579EBB92635623900AE29D3 /* Main.storyboard in Resources */ = {isa = PBXBuildFile; fileRef = 7579EBB72635623900AE29D3 /* Main.storyboard */; };
		7579EBBB2635623E00AE29D3 /* Assets.xcassets in Resources */ = {isa = PBXBuildFile; fileRef = 7579EBBA2635623E00AE29D3 /* Assets.xcassets */; };
		7579EBBE2635623E00AE29D3 /* LaunchScreen.storyboard in Resources */ = {isa = PBXBuildFile; fileRef = 7579EBBC2635623E00AE29D3 /* LaunchScreen.storyboard */; };
		7579EBC92635623E00AE29D3 /* APIKeyPracticeTests.swift in Sources */ = {isa = PBXBuildFile; fileRef = 7579EBC82635623E00AE29D3 /* APIKeyPracticeTests.swift */; };
		7579EBD42635623E00AE29D3 /* APIKeyPracticeUITests.swift in Sources */ = {isa = PBXBuildFile; fileRef = 7579EBD32635623E00AE29D3 /* APIKeyPracticeUITests.swift */; };
		BE15FF28E03C4E2FD490070C /* Pods_APIKeyPractice_APIKeyPracticeUITests.framework in Frameworks */ = {isa = PBXBuildFile; fileRef = 70E99819C3F2157D23ABA40E /* Pods_APIKeyPractice_APIKeyPracticeUITests.framework */; };
		D44511E493787DF7F63101CA /* Pods_APIKeyPracticeTests.framework in Frameworks */ = {isa = PBXBuildFile; fileRef = 89BAD0EB8BCA346888226F74 /* Pods_APIKeyPracticeTests.framework */; };
/* End PBXBuildFile section */

/* Begin PBXContainerItemProxy section */
		7579EBC52635623E00AE29D3 /* PBXContainerItemProxy */ = {
			isa = PBXContainerItemProxy;
			containerPortal = 7579EBA62635623900AE29D3 /* Project object */;
			proxyType = 1;
			remoteGlobalIDString = 7579EBAD2635623900AE29D3;
			remoteInfo = APIKeyPractice;
		};
		7579EBD02635623E00AE29D3 /* PBXContainerItemProxy */ = {
			isa = PBXContainerItemProxy;
			containerPortal = 7579EBA62635623900AE29D3 /* Project object */;
			proxyType = 1;
			remoteGlobalIDString = 7579EBAD2635623900AE29D3;
			remoteInfo = APIKeyPractice;
		};
/* End PBXContainerItemProxy section */

/* Begin PBXFileReference section */
		16A2A8BEFE3632D54088494E /* Pods_APIKeyPractice.framework */ = {isa = PBXFileReference; explicitFileType = wrapper.framework; includeInIndex = 0; path = Pods_APIKeyPractice.framework; sourceTree = BUILT_PRODUCTS_DIR; };
		2EC78CD20C7D8E09165461AC /* Pods-APIKeyPracticeTests.release.xcconfig */ = {isa = PBXFileReference; includeInIndex = 1; lastKnownFileType = text.xcconfig; name = "Pods-APIKeyPracticeTests.release.xcconfig"; path = "Target Support Files/Pods-APIKeyPracticeTests/Pods-APIKeyPracticeTests.release.xcconfig"; sourceTree = "<group>"; };
		2ED2DC971510F4A5AF02EF25 /* Pods-APIKeyPractice.release.xcconfig */ = {isa = PBXFileReference; includeInIndex = 1; lastKnownFileType = text.xcconfig; name = "Pods-APIKeyPractice.release.xcconfig"; path = "Target Support Files/Pods-APIKeyPractice/Pods-APIKeyPractice.release.xcconfig"; sourceTree = "<group>"; };
		304C72FC93656E6C3277831D /* Pods-APIKeyPractice.debug.xcconfig */ = {isa = PBXFileReference; includeInIndex = 1; lastKnownFileType = text.xcconfig; name = "Pods-APIKeyPractice.debug.xcconfig"; path = "Target Support Files/Pods-APIKeyPractice/Pods-APIKeyPractice.debug.xcconfig"; sourceTree = "<group>"; };
		4619D77FEAE7A441831C2678 /* Pods-APIKeyPractice-APIKeyPracticeUITests.release.xcconfig */ = {isa = PBXFileReference; includeInIndex = 1; lastKnownFileType = text.xcconfig; name = "Pods-APIKeyPractice-APIKeyPracticeUITests.release.xcconfig"; path = "Target Support Files/Pods-APIKeyPractice-APIKeyPracticeUITests/Pods-APIKeyPractice-APIKeyPracticeUITests.release.xcconfig"; sourceTree = "<group>"; };
		5CCC9D8F8CBF77ADB30D14C2 /* Pods-APIKeyPracticeTests.debug.xcconfig */ = {isa = PBXFileReference; includeInIndex = 1; lastKnownFileType = text.xcconfig; name = "Pods-APIKeyPracticeTests.debug.xcconfig"; path = "Target Support Files/Pods-APIKeyPracticeTests/Pods-APIKeyPracticeTests.debug.xcconfig"; sourceTree = "<group>"; };
		70E99819C3F2157D23ABA40E /* Pods_APIKeyPractice_APIKeyPracticeUITests.framework */ = {isa = PBXFileReference; explicitFileType = wrapper.framework; includeInIndex = 0; path = Pods_APIKeyPractice_APIKeyPracticeUITests.framework; sourceTree = BUILT_PRODUCTS_DIR; };
		7579EBAE2635623900AE29D3 /* APIKeyPractice.app */ = {isa = PBXFileReference; explicitFileType = wrapper.application; includeInIndex = 0; path = APIKeyPractice.app; sourceTree = BUILT_PRODUCTS_DIR; };
		7579EBB12635623900AE29D3 /* AppDelegate.swift */ = {isa = PBXFileReference; lastKnownFileType = sourcecode.swift; path = AppDelegate.swift; sourceTree = "<group>"; };
		7579EBB32635623900AE29D3 /* SceneDelegate.swift */ = {isa = PBXFileReference; lastKnownFileType = sourcecode.swift; path = SceneDelegate.swift; sourceTree = "<group>"; };
		7579EBB52635623900AE29D3 /* ViewController.swift */ = {isa = PBXFileReference; lastKnownFileType = sourcecode.swift; path = ViewController.swift; sourceTree = "<group>"; };
		7579EBB82635623900AE29D3 /* Base */ = {isa = PBXFileReference; lastKnownFileType = file.storyboard; name = Base; path = Base.lproj/Main.storyboard; sourceTree = "<group>"; };
		7579EBBA2635623E00AE29D3 /* Assets.xcassets */ = {isa = PBXFileReference; lastKnownFileType = folder.assetcatalog; path = Assets.xcassets; sourceTree = "<group>"; };
		7579EBBD2635623E00AE29D3 /* Base */ = {isa = PBXFileReference; lastKnownFileType = file.storyboard; name = Base; path = Base.lproj/LaunchScreen.storyboard; sourceTree = "<group>"; };
		7579EBBF2635623E00AE29D3 /* Info.plist */ = {isa = PBXFileReference; lastKnownFileType = text.plist.xml; path = Info.plist; sourceTree = "<group>"; };
		7579EBC42635623E00AE29D3 /* APIKeyPracticeTests.xctest */ = {isa = PBXFileReference; explicitFileType = wrapper.cfbundle; includeInIndex = 0; path = APIKeyPracticeTests.xctest; sourceTree = BUILT_PRODUCTS_DIR; };
		7579EBC82635623E00AE29D3 /* APIKeyPracticeTests.swift */ = {isa = PBXFileReference; lastKnownFileType = sourcecode.swift; path = APIKeyPracticeTests.swift; sourceTree = "<group>"; };
		7579EBCA2635623E00AE29D3 /* Info.plist */ = {isa = PBXFileReference; lastKnownFileType = text.plist.xml; path = Info.plist; sourceTree = "<group>"; };
		7579EBCF2635623E00AE29D3 /* APIKeyPracticeUITests.xctest */ = {isa = PBXFileReference; explicitFileType = wrapper.cfbundle; includeInIndex = 0; path = APIKeyPracticeUITests.xctest; sourceTree = BUILT_PRODUCTS_DIR; };
		7579EBD32635623E00AE29D3 /* APIKeyPracticeUITests.swift */ = {isa = PBXFileReference; lastKnownFileType = sourcecode.swift; path = APIKeyPracticeUITests.swift; sourceTree = "<group>"; };
		7579EBD52635623E00AE29D3 /* Info.plist */ = {isa = PBXFileReference; lastKnownFileType = text.plist.xml; path = Info.plist; sourceTree = "<group>"; };
		89BAD0EB8BCA346888226F74 /* Pods_APIKeyPracticeTests.framework */ = {isa = PBXFileReference; explicitFileType = wrapper.framework; includeInIndex = 0; path = Pods_APIKeyPracticeTests.framework; sourceTree = BUILT_PRODUCTS_DIR; };
		9A7B1CCA4C3EFA034AFFAA5B /* Pods-APIKeyPractice-APIKeyPracticeUITests.debug.xcconfig */ = {isa = PBXFileReference; includeInIndex = 1; lastKnownFileType = text.xcconfig; name = "Pods-APIKeyPractice-APIKeyPracticeUITests.debug.xcconfig"; path = "Target Support Files/Pods-APIKeyPractice-APIKeyPracticeUITests/Pods-APIKeyPractice-APIKeyPracticeUITests.debug.xcconfig"; sourceTree = "<group>"; };
/* End PBXFileReference section */

/* Begin PBXFrameworksBuildPhase section */
		7579EBAB2635623900AE29D3 /* Frameworks */ = {
			isa = PBXFrameworksBuildPhase;
			buildActionMask = 2147483647;
			files = (
				4A4CAB6AF1B79E27BAE286BD /* Pods_APIKeyPractice.framework in Frameworks */,
			);
			runOnlyForDeploymentPostprocessing = 0;
		};
		7579EBC12635623E00AE29D3 /* Frameworks */ = {
			isa = PBXFrameworksBuildPhase;
			buildActionMask = 2147483647;
			files = (
				D44511E493787DF7F63101CA /* Pods_APIKeyPracticeTests.framework in Frameworks */,
			);
			runOnlyForDeploymentPostprocessing = 0;
		};
		7579EBCC2635623E00AE29D3 /* Frameworks */ = {
			isa = PBXFrameworksBuildPhase;
			buildActionMask = 2147483647;
			files = (
				BE15FF28E03C4E2FD490070C /* Pods_APIKeyPractice_APIKeyPracticeUITests.framework in Frameworks */,
			);
			runOnlyForDeploymentPostprocessing = 0;
		};
/* End PBXFrameworksBuildPhase section */

/* Begin PBXGroup section */
		7579EBA52635623900AE29D3 = {
			isa = PBXGroup;
			children = (
				7579EBB02635623900AE29D3 /* APIKeyPractice */,
				7579EBC72635623E00AE29D3 /* APIKeyPracticeTests */,
				7579EBD22635623E00AE29D3 /* APIKeyPracticeUITests */,
				7579EBAF2635623900AE29D3 /* Products */,
				BEC68C75562713C882B6DD8D /* Pods */,
				BFA33A4E7E9AF6793F35DD75 /* Frameworks */,
			);
			sourceTree = "<group>";
		};
		7579EBAF2635623900AE29D3 /* Products */ = {
			isa = PBXGroup;
			children = (
				7579EBAE2635623900AE29D3 /* APIKeyPractice.app */,
				7579EBC42635623E00AE29D3 /* APIKeyPracticeTests.xctest */,
				7579EBCF2635623E00AE29D3 /* APIKeyPracticeUITests.xctest */,
			);
			name = Products;
			sourceTree = "<group>";
		};
		7579EBB02635623900AE29D3 /* APIKeyPractice */ = {
			isa = PBXGroup;
			children = (
				7579EBB12635623900AE29D3 /* AppDelegate.swift */,
				7579EBB32635623900AE29D3 /* SceneDelegate.swift */,
				7579EBB52635623900AE29D3 /* ViewController.swift */,
				7579EBB72635623900AE29D3 /* Main.storyboard */,
				7579EBBA2635623E00AE29D3 /* Assets.xcassets */,
				7579EBBC2635623E00AE29D3 /* LaunchScreen.storyboard */,
				7579EBBF2635623E00AE29D3 /* Info.plist */,
			);
			path = APIKeyPractice;
			sourceTree = "<group>";
		};
		7579EBC72635623E00AE29D3 /* APIKeyPracticeTests */ = {
			isa = PBXGroup;
			children = (
				7579EBC82635623E00AE29D3 /* APIKeyPracticeTests.swift */,
				7579EBCA2635623E00AE29D3 /* Info.plist */,
			);
			path = APIKeyPracticeTests;
			sourceTree = "<group>";
		};
		7579EBD22635623E00AE29D3 /* APIKeyPracticeUITests */ = {
			isa = PBXGroup;
			children = (
				7579EBD32635623E00AE29D3 /* APIKeyPracticeUITests.swift */,
				7579EBD52635623E00AE29D3 /* Info.plist */,
			);
			path = APIKeyPracticeUITests;
			sourceTree = "<group>";
		};
		BEC68C75562713C882B6DD8D /* Pods */ = {
			isa = PBXGroup;
			children = (
				304C72FC93656E6C3277831D /* Pods-APIKeyPractice.debug.xcconfig */,
				2ED2DC971510F4A5AF02EF25 /* Pods-APIKeyPractice.release.xcconfig */,
				9A7B1CCA4C3EFA034AFFAA5B /* Pods-APIKeyPractice-APIKeyPracticeUITests.debug.xcconfig */,
				4619D77FEAE7A441831C2678 /* Pods-APIKeyPractice-APIKeyPracticeUITests.release.xcconfig */,
				5CCC9D8F8CBF77ADB30D14C2 /* Pods-APIKeyPracticeTests.debug.xcconfig */,
				2EC78CD20C7D8E09165461AC /* Pods-APIKeyPracticeTests.release.xcconfig */,
			);
			name = Pods;
			path = Pods;
			sourceTree = "<group>";
		};
		BFA33A4E7E9AF6793F35DD75 /* Frameworks */ = {
			isa = PBXGroup;
			children = (
				16A2A8BEFE3632D54088494E /* Pods_APIKeyPractice.framework */,
				70E99819C3F2157D23ABA40E /* Pods_APIKeyPractice_APIKeyPracticeUITests.framework */,
				89BAD0EB8BCA346888226F74 /* Pods_APIKeyPracticeTests.framework */,
			);
			name = Frameworks;
			sourceTree = "<group>";
		};
/* End PBXGroup section */

/* Begin PBXNativeTarget section */
		7579EBAD2635623900AE29D3 /* APIKeyPractice */ = {
			isa = PBXNativeTarget;
			buildConfigurationList = 7579EBD82635623E00AE29D3 /* Build configuration list for PBXNativeTarget "APIKeyPractice" */;
			buildPhases = (
				817392791C62CC9712E97EBD /* [CP] Check Pods Manifest.lock */,
				7579EBAA2635623900AE29D3 /* Sources */,
				7579EBAB2635623900AE29D3 /* Frameworks */,
				7579EBAC2635623900AE29D3 /* Resources */,
				A5B3A3738F24572208275025 /* [CP] Embed Pods Frameworks */,
			);
			buildRules = (
			);
			dependencies = (
			);
			name = APIKeyPractice;
			productName = APIKeyPractice;
			productReference = 7579EBAE2635623900AE29D3 /* APIKeyPractice.app */;
			productType = "com.apple.product-type.application";
		};
		7579EBC32635623E00AE29D3 /* APIKeyPracticeTests */ = {
			isa = PBXNativeTarget;
			buildConfigurationList = 7579EBDB2635623E00AE29D3 /* Build configuration list for PBXNativeTarget "APIKeyPracticeTests" */;
			buildPhases = (
				37731B8FFDD73DE182D208DA /* [CP] Check Pods Manifest.lock */,
				7579EBC02635623E00AE29D3 /* Sources */,
				7579EBC12635623E00AE29D3 /* Frameworks */,
				7579EBC22635623E00AE29D3 /* Resources */,
			);
			buildRules = (
			);
			dependencies = (
				7579EBC62635623E00AE29D3 /* PBXTargetDependency */,
			);
			name = APIKeyPracticeTests;
			productName = APIKeyPracticeTests;
			productReference = 7579EBC42635623E00AE29D3 /* APIKeyPracticeTests.xctest */;
			productType = "com.apple.product-type.bundle.unit-test";
		};
		7579EBCE2635623E00AE29D3 /* APIKeyPracticeUITests */ = {
			isa = PBXNativeTarget;
			buildConfigurationList = 7579EBDE2635623E00AE29D3 /* Build configuration list for PBXNativeTarget "APIKeyPracticeUITests" */;
			buildPhases = (
				4CFB772C68A5EE9660134C3F /* [CP] Check Pods Manifest.lock */,
				7579EBCB2635623E00AE29D3 /* Sources */,
				7579EBCC2635623E00AE29D3 /* Frameworks */,
				7579EBCD2635623E00AE29D3 /* Resources */,
				2A7375052F5A4E022BE779C7 /* [CP] Embed Pods Frameworks */,
			);
			buildRules = (
			);
			dependencies = (
				7579EBD12635623E00AE29D3 /* PBXTargetDependency */,
			);
			name = APIKeyPracticeUITests;
			productName = APIKeyPracticeUITests;
			productReference = 7579EBCF2635623E00AE29D3 /* APIKeyPracticeUITests.xctest */;
			productType = "com.apple.product-type.bundle.ui-testing";
		};
/* End PBXNativeTarget section */

/* Begin PBXProject section */
		7579EBA62635623900AE29D3 /* Project object */ = {
			isa = PBXProject;
			attributes = {
				LastSwiftUpdateCheck = 1240;
				LastUpgradeCheck = 1240;
				TargetAttributes = {
					7579EBAD2635623900AE29D3 = {
						CreatedOnToolsVersion = 12.4;
					};
					7579EBC32635623E00AE29D3 = {
						CreatedOnToolsVersion = 12.4;
						TestTargetID = 7579EBAD2635623900AE29D3;
					};
					7579EBCE2635623E00AE29D3 = {
						CreatedOnToolsVersion = 12.4;
						TestTargetID = 7579EBAD2635623900AE29D3;
					};
				};
			};
			buildConfigurationList = 7579EBA92635623900AE29D3 /* Build configuration list for PBXProject "APIKeyPractice" */;
			compatibilityVersion = "Xcode 9.3";
			developmentRegion = en;
			hasScannedForEncodings = 0;
			knownRegions = (
				en,
				Base,
			);
			mainGroup = 7579EBA52635623900AE29D3;
			productRefGroup = 7579EBAF2635623900AE29D3 /* Products */;
			projectDirPath = "";
			projectRoot = "";
			targets = (
				7579EBAD2635623900AE29D3 /* APIKeyPractice */,
				7579EBC32635623E00AE29D3 /* APIKeyPracticeTests */,
				7579EBCE2635623E00AE29D3 /* APIKeyPracticeUITests */,
			);
		};
/* End PBXProject section */

/* Begin PBXResourcesBuildPhase section */
		7579EBAC2635623900AE29D3 /* Resources */ = {
			isa = PBXResourcesBuildPhase;
			buildActionMask = 2147483647;
			files = (
				7579EBBE2635623E00AE29D3 /* LaunchScreen.storyboard in Resources */,
				7579EBBB2635623E00AE29D3 /* Assets.xcassets in Resources */,
				7579EBB92635623900AE29D3 /* Main.storyboard in Resources */,
			);
			runOnlyForDeploymentPostprocessing = 0;
		};
		7579EBC22635623E00AE29D3 /* Resources */ = {
			isa = PBXResourcesBuildPhase;
			buildActionMask = 2147483647;
			files = (
			);
			runOnlyForDeploymentPostprocessing = 0;
		};
		7579EBCD2635623E00AE29D3 /* Resources */ = {
			isa = PBXResourcesBuildPhase;
			buildActionMask = 2147483647;
			files = (
			);
			runOnlyForDeploymentPostprocessing = 0;
		};
/* End PBXResourcesBuildPhase section */

/* Begin PBXShellScriptBuildPhase section */
		2A7375052F5A4E022BE779C7 /* [CP] Embed Pods Frameworks */ = {
			isa = PBXShellScriptBuildPhase;
			buildActionMask = 2147483647;
			files = (
			);
			inputFileListPaths = (
				"${PODS_ROOT}/Target Support Files/Pods-APIKeyPractice-APIKeyPracticeUITests/Pods-APIKeyPractice-APIKeyPracticeUITests-frameworks-${CONFIGURATION}-input-files.xcfilelist",
			);
			name = "[CP] Embed Pods Frameworks";
			outputFileListPaths = (
				"${PODS_ROOT}/Target Support Files/Pods-APIKeyPractice-APIKeyPracticeUITests/Pods-APIKeyPractice-APIKeyPracticeUITests-frameworks-${CONFIGURATION}-output-files.xcfilelist",
			);
			runOnlyForDeploymentPostprocessing = 0;
			shellPath = /bin/sh;
			shellScript = "\"${PODS_ROOT}/Target Support Files/Pods-APIKeyPractice-APIKeyPracticeUITests/Pods-APIKeyPractice-APIKeyPracticeUITests-frameworks.sh\"\n";
			showEnvVarsInLog = 0;
		};
		37731B8FFDD73DE182D208DA /* [CP] Check Pods Manifest.lock */ = {
			isa = PBXShellScriptBuildPhase;
			buildActionMask = 2147483647;
			files = (
			);
			inputFileListPaths = (
			);
			inputPaths = (
				"${PODS_PODFILE_DIR_PATH}/Podfile.lock",
				"${PODS_ROOT}/Manifest.lock",
			);
			name = "[CP] Check Pods Manifest.lock";
			outputFileListPaths = (
			);
			outputPaths = (
				"$(DERIVED_FILE_DIR)/Pods-APIKeyPracticeTests-checkManifestLockResult.txt",
			);
			runOnlyForDeploymentPostprocessing = 0;
			shellPath = /bin/sh;
			shellScript = "diff \"${PODS_PODFILE_DIR_PATH}/Podfile.lock\" \"${PODS_ROOT}/Manifest.lock\" > /dev/null\nif [ $? != 0 ] ; then\n    # print error to STDERR\n    echo \"error: The sandbox is not in sync with the Podfile.lock. Run 'pod install' or update your CocoaPods installation.\" >&2\n    exit 1\nfi\n# This output is used by Xcode 'outputs' to avoid re-running this script phase.\necho \"SUCCESS\" > \"${SCRIPT_OUTPUT_FILE_0}\"\n";
			showEnvVarsInLog = 0;
		};
		4CFB772C68A5EE9660134C3F /* [CP] Check Pods Manifest.lock */ = {
			isa = PBXShellScriptBuildPhase;
			buildActionMask = 2147483647;
			files = (
			);
			inputFileListPaths = (
			);
			inputPaths = (
				"${PODS_PODFILE_DIR_PATH}/Podfile.lock",
				"${PODS_ROOT}/Manifest.lock",
			);
			name = "[CP] Check Pods Manifest.lock";
			outputFileListPaths = (
			);
			outputPaths = (
				"$(DERIVED_FILE_DIR)/Pods-APIKeyPractice-APIKeyPracticeUITests-checkManifestLockResult.txt",
			);
			runOnlyForDeploymentPostprocessing = 0;
			shellPath = /bin/sh;
			shellScript = "diff \"${PODS_PODFILE_DIR_PATH}/Podfile.lock\" \"${PODS_ROOT}/Manifest.lock\" > /dev/null\nif [ $? != 0 ] ; then\n    # print error to STDERR\n    echo \"error: The sandbox is not in sync with the Podfile.lock. Run 'pod install' or update your CocoaPods installation.\" >&2\n    exit 1\nfi\n# This output is used by Xcode 'outputs' to avoid re-running this script phase.\necho \"SUCCESS\" > \"${SCRIPT_OUTPUT_FILE_0}\"\n";
			showEnvVarsInLog = 0;
		};
		817392791C62CC9712E97EBD /* [CP] Check Pods Manifest.lock */ = {
			isa = PBXShellScriptBuildPhase;
			buildActionMask = 2147483647;
			files = (
			);
			inputFileListPaths = (
			);
			inputPaths = (
				"${PODS_PODFILE_DIR_PATH}/Podfile.lock",
				"${PODS_ROOT}/Manifest.lock",
			);
			name = "[CP] Check Pods Manifest.lock";
			outputFileListPaths = (
			);
			outputPaths = (
				"$(DERIVED_FILE_DIR)/Pods-APIKeyPractice-checkManifestLockResult.txt",
			);
			runOnlyForDeploymentPostprocessing = 0;
			shellPath = /bin/sh;
			shellScript = "diff \"${PODS_PODFILE_DIR_PATH}/Podfile.lock\" \"${PODS_ROOT}/Manifest.lock\" > /dev/null\nif [ $? != 0 ] ; then\n    # print error to STDERR\n    echo \"error: The sandbox is not in sync with the Podfile.lock. Run 'pod install' or update your CocoaPods installation.\" >&2\n    exit 1\nfi\n# This output is used by Xcode 'outputs' to avoid re-running this script phase.\necho \"SUCCESS\" > \"${SCRIPT_OUTPUT_FILE_0}\"\n";
			showEnvVarsInLog = 0;
		};
		A5B3A3738F24572208275025 /* [CP] Embed Pods Frameworks */ = {
			isa = PBXShellScriptBuildPhase;
			buildActionMask = 2147483647;
			files = (
			);
			inputFileListPaths = (
				"${PODS_ROOT}/Target Support Files/Pods-APIKeyPractice/Pods-APIKeyPractice-frameworks-${CONFIGURATION}-input-files.xcfilelist",
			);
			name = "[CP] Embed Pods Frameworks";
			outputFileListPaths = (
				"${PODS_ROOT}/Target Support Files/Pods-APIKeyPractice/Pods-APIKeyPractice-frameworks-${CONFIGURATION}-output-files.xcfilelist",
			);
			runOnlyForDeploymentPostprocessing = 0;
			shellPath = /bin/sh;
			shellScript = "\"${PODS_ROOT}/Target Support Files/Pods-APIKeyPractice/Pods-APIKeyPractice-frameworks.sh\"\n";
			showEnvVarsInLog = 0;
		};
/* End PBXShellScriptBuildPhase section */

/* Begin PBXSourcesBuildPhase section */
		7579EBAA2635623900AE29D3 /* Sources */ = {
			isa = PBXSourcesBuildPhase;
			buildActionMask = 2147483647;
			files = (
				7579EBB62635623900AE29D3 /* ViewController.swift in Sources */,
				7579EBB22635623900AE29D3 /* AppDelegate.swift in Sources */,
				7579EBB42635623900AE29D3 /* SceneDelegate.swift in Sources */,
			);
			runOnlyForDeploymentPostprocessing = 0;
		};
		7579EBC02635623E00AE29D3 /* Sources */ = {
			isa = PBXSourcesBuildPhase;
			buildActionMask = 2147483647;
			files = (
				7579EBC92635623E00AE29D3 /* APIKeyPracticeTests.swift in Sources */,
			);
			runOnlyForDeploymentPostprocessing = 0;
		};
		7579EBCB2635623E00AE29D3 /* Sources */ = {
			isa = PBXSourcesBuildPhase;
			buildActionMask = 2147483647;
			files = (
				7579EBD42635623E00AE29D3 /* APIKeyPracticeUITests.swift in Sources */,
			);
			runOnlyForDeploymentPostprocessing = 0;
		};
/* End PBXSourcesBuildPhase section */

/* Begin PBXTargetDependency section */
		7579EBC62635623E00AE29D3 /* PBXTargetDependency */ = {
			isa = PBXTargetDependency;
			target = 7579EBAD2635623900AE29D3 /* APIKeyPractice */;
			targetProxy = 7579EBC52635623E00AE29D3 /* PBXContainerItemProxy */;
		};
		7579EBD12635623E00AE29D3 /* PBXTargetDependency */ = {
			isa = PBXTargetDependency;
			target = 7579EBAD2635623900AE29D3 /* APIKeyPractice */;
			targetProxy = 7579EBD02635623E00AE29D3 /* PBXContainerItemProxy */;
		};
/* End PBXTargetDependency section */

/* Begin PBXVariantGroup section */
		7579EBB72635623900AE29D3 /* Main.storyboard */ = {
			isa = PBXVariantGroup;
			children = (
				7579EBB82635623900AE29D3 /* Base */,
			);
			name = Main.storyboard;
			sourceTree = "<group>";
		};
		7579EBBC2635623E00AE29D3 /* LaunchScreen.storyboard */ = {
			isa = PBXVariantGroup;
			children = (
				7579EBBD2635623E00AE29D3 /* Base */,
			);
			name = LaunchScreen.storyboard;
			sourceTree = "<group>";
		};
/* End PBXVariantGroup section */

/* Begin XCBuildConfiguration section */
		7579EBD62635623E00AE29D3 /* Debug */ = {
			isa = XCBuildConfiguration;
			buildSettings = {
				ALWAYS_SEARCH_USER_PATHS = NO;
				CLANG_ANALYZER_NONNULL = YES;
				CLANG_ANALYZER_NUMBER_OBJECT_CONVERSION = YES_AGGRESSIVE;
				CLANG_CXX_LANGUAGE_STANDARD = "gnu++14";
				CLANG_CXX_LIBRARY = "libc++";
				CLANG_ENABLE_MODULES = YES;
				CLANG_ENABLE_OBJC_ARC = YES;
				CLANG_ENABLE_OBJC_WEAK = YES;
				CLANG_WARN_BLOCK_CAPTURE_AUTORELEASING = YES;
				CLANG_WARN_BOOL_CONVERSION = YES;
				CLANG_WARN_COMMA = YES;
				CLANG_WARN_CONSTANT_CONVERSION = YES;
				CLANG_WARN_DEPRECATED_OBJC_IMPLEMENTATIONS = YES;
				CLANG_WARN_DIRECT_OBJC_ISA_USAGE = YES_ERROR;
				CLANG_WARN_DOCUMENTATION_COMMENTS = YES;
				CLANG_WARN_EMPTY_BODY = YES;
				CLANG_WARN_ENUM_CONVERSION = YES;
				CLANG_WARN_INFINITE_RECURSION = YES;
				CLANG_WARN_INT_CONVERSION = YES;
				CLANG_WARN_NON_LITERAL_NULL_CONVERSION = YES;
				CLANG_WARN_OBJC_IMPLICIT_RETAIN_SELF = YES;
				CLANG_WARN_OBJC_LITERAL_CONVERSION = YES;
				CLANG_WARN_OBJC_ROOT_CLASS = YES_ERROR;
				CLANG_WARN_QUOTED_INCLUDE_IN_FRAMEWORK_HEADER = YES;
				CLANG_WARN_RANGE_LOOP_ANALYSIS = YES;
				CLANG_WARN_STRICT_PROTOTYPES = YES;
				CLANG_WARN_SUSPICIOUS_MOVE = YES;
				CLANG_WARN_UNGUARDED_AVAILABILITY = YES_AGGRESSIVE;
				CLANG_WARN_UNREACHABLE_CODE = YES;
				CLANG_WARN__DUPLICATE_METHOD_MATCH = YES;
				COPY_PHASE_STRIP = NO;
				DEBUG_INFORMATION_FORMAT = dwarf;
				ENABLE_STRICT_OBJC_MSGSEND = YES;
				ENABLE_TESTABILITY = YES;
				GCC_C_LANGUAGE_STANDARD = gnu11;
				GCC_DYNAMIC_NO_PIC = NO;
				GCC_NO_COMMON_BLOCKS = YES;
				GCC_OPTIMIZATION_LEVEL = 0;
				GCC_PREPROCESSOR_DEFINITIONS = (
					"DEBUG=1",
					"$(inherited)",
				);
				GCC_WARN_64_TO_32_BIT_CONVERSION = YES;
				GCC_WARN_ABOUT_RETURN_TYPE = YES_ERROR;
				GCC_WARN_UNDECLARED_SELECTOR = YES;
				GCC_WARN_UNINITIALIZED_AUTOS = YES_AGGRESSIVE;
				GCC_WARN_UNUSED_FUNCTION = YES;
				GCC_WARN_UNUSED_VARIABLE = YES;
				IPHONEOS_DEPLOYMENT_TARGET = 14.4;
				MTL_ENABLE_DEBUG_INFO = INCLUDE_SOURCE;
				MTL_FAST_MATH = YES;
				ONLY_ACTIVE_ARCH = YES;
				SDKROOT = iphoneos;
				SWIFT_ACTIVE_COMPILATION_CONDITIONS = DEBUG;
				SWIFT_OPTIMIZATION_LEVEL = "-Onone";
			};
			name = Debug;
		};
		7579EBD72635623E00AE29D3 /* Release */ = {
			isa = XCBuildConfiguration;
			buildSettings = {
				ALWAYS_SEARCH_USER_PATHS = NO;
				CLANG_ANALYZER_NONNULL = YES;
				CLANG_ANALYZER_NUMBER_OBJECT_CONVERSION = YES_AGGRESSIVE;
				CLANG_CXX_LANGUAGE_STANDARD = "gnu++14";
				CLANG_CXX_LIBRARY = "libc++";
				CLANG_ENABLE_MODULES = YES;
				CLANG_ENABLE_OBJC_ARC = YES;
				CLANG_ENABLE_OBJC_WEAK = YES;
				CLANG_WARN_BLOCK_CAPTURE_AUTORELEASING = YES;
				CLANG_WARN_BOOL_CONVERSION = YES;
				CLANG_WARN_COMMA = YES;
				CLANG_WARN_CONSTANT_CONVERSION = YES;
				CLANG_WARN_DEPRECATED_OBJC_IMPLEMENTATIONS = YES;
				CLANG_WARN_DIRECT_OBJC_ISA_USAGE = YES_ERROR;
				CLANG_WARN_DOCUMENTATION_COMMENTS = YES;
				CLANG_WARN_EMPTY_BODY = YES;
				CLANG_WARN_ENUM_CONVERSION = YES;
				CLANG_WARN_INFINITE_RECURSION = YES;
				CLANG_WARN_INT_CONVERSION = YES;
				CLANG_WARN_NON_LITERAL_NULL_CONVERSION = YES;
				CLANG_WARN_OBJC_IMPLICIT_RETAIN_SELF = YES;
				CLANG_WARN_OBJC_LITERAL_CONVERSION = YES;
				CLANG_WARN_OBJC_ROOT_CLASS = YES_ERROR;
				CLANG_WARN_QUOTED_INCLUDE_IN_FRAMEWORK_HEADER = YES;
				CLANG_WARN_RANGE_LOOP_ANALYSIS = YES;
				CLANG_WARN_STRICT_PROTOTYPES = YES;
				CLANG_WARN_SUSPICIOUS_MOVE = YES;
				CLANG_WARN_UNGUARDED_AVAILABILITY = YES_AGGRESSIVE;
				CLANG_WARN_UNREACHABLE_CODE = YES;
				CLANG_WARN__DUPLICATE_METHOD_MATCH = YES;
				COPY_PHASE_STRIP = NO;
				DEBUG_INFORMATION_FORMAT = "dwarf-with-dsym";
				ENABLE_NS_ASSERTIONS = NO;
				ENABLE_STRICT_OBJC_MSGSEND = YES;
				GCC_C_LANGUAGE_STANDARD = gnu11;
				GCC_NO_COMMON_BLOCKS = YES;
				GCC_WARN_64_TO_32_BIT_CONVERSION = YES;
				GCC_WARN_ABOUT_RETURN_TYPE = YES_ERROR;
				GCC_WARN_UNDECLARED_SELECTOR = YES;
				GCC_WARN_UNINITIALIZED_AUTOS = YES_AGGRESSIVE;
				GCC_WARN_UNUSED_FUNCTION = YES;
				GCC_WARN_UNUSED_VARIABLE = YES;
				IPHONEOS_DEPLOYMENT_TARGET = 14.4;
				MTL_ENABLE_DEBUG_INFO = NO;
				MTL_FAST_MATH = YES;
				SDKROOT = iphoneos;
				SWIFT_COMPILATION_MODE = wholemodule;
				SWIFT_OPTIMIZATION_LEVEL = "-O";
				VALIDATE_PRODUCT = YES;
			};
			name = Release;
		};
		7579EBD92635623E00AE29D3 /* Debug */ = {
			isa = XCBuildConfiguration;
			baseConfigurationReference = 304C72FC93656E6C3277831D /* Pods-APIKeyPractice.debug.xcconfig */;
			buildSettings = {
				ASSETCATALOG_COMPILER_APPICON_NAME = AppIcon;
				ASSETCATALOG_COMPILER_GLOBAL_ACCENT_COLOR_NAME = AccentColor;
				CODE_SIGN_STYLE = Automatic;
				DEVELOPMENT_TEAM = N53995CJPD;
				INFOPLIST_FILE = APIKeyPractice/Info.plist;
				LD_RUNPATH_SEARCH_PATHS = (
					"$(inherited)",
					"@executable_path/Frameworks",
				);
				PRODUCT_BUNDLE_IDENTIFIER = com.tatsuo.APIKeyPractice;
				PRODUCT_NAME = "$(TARGET_NAME)";
				SWIFT_VERSION = 5.0;
				TARGETED_DEVICE_FAMILY = "1,2";
			};
			name = Debug;
		};
		7579EBDA2635623E00AE29D3 /* Release */ = {
			isa = XCBuildConfiguration;
			baseConfigurationReference = 2ED2DC971510F4A5AF02EF25 /* Pods-APIKeyPractice.release.xcconfig */;
			buildSettings = {
				ASSETCATALOG_COMPILER_APPICON_NAME = AppIcon;
				ASSETCATALOG_COMPILER_GLOBAL_ACCENT_COLOR_NAME = AccentColor;
				CODE_SIGN_STYLE = Automatic;
				DEVELOPMENT_TEAM = N53995CJPD;
				INFOPLIST_FILE = APIKeyPractice/Info.plist;
				LD_RUNPATH_SEARCH_PATHS = (
					"$(inherited)",
					"@executable_path/Frameworks",
				);
				PRODUCT_BUNDLE_IDENTIFIER = com.tatsuo.APIKeyPractice;
				PRODUCT_NAME = "$(TARGET_NAME)";
				SWIFT_VERSION = 5.0;
				TARGETED_DEVICE_FAMILY = "1,2";
			};
			name = Release;
		};
		7579EBDC2635623E00AE29D3 /* Debug */ = {
			isa = XCBuildConfiguration;
			baseConfigurationReference = 5CCC9D8F8CBF77ADB30D14C2 /* Pods-APIKeyPracticeTests.debug.xcconfig */;
			buildSettings = {
				ALWAYS_EMBED_SWIFT_STANDARD_LIBRARIES = YES;
				BUNDLE_LOADER = "$(TEST_HOST)";
				CODE_SIGN_STYLE = Automatic;
				DEVELOPMENT_TEAM = N53995CJPD;
				INFOPLIST_FILE = APIKeyPracticeTests/Info.plist;
				IPHONEOS_DEPLOYMENT_TARGET = 14.4;
				LD_RUNPATH_SEARCH_PATHS = (
					"$(inherited)",
					"@executable_path/Frameworks",
					"@loader_path/Frameworks",
				);
				PRODUCT_BUNDLE_IDENTIFIER = com.tatsuo.APIKeyPracticeTests;
				PRODUCT_NAME = "$(TARGET_NAME)";
				SWIFT_VERSION = 5.0;
				TARGETED_DEVICE_FAMILY = "1,2";
				TEST_HOST = "$(BUILT_PRODUCTS_DIR)/APIKeyPractice.app/APIKeyPractice";
			};
			name = Debug;
		};
		7579EBDD2635623E00AE29D3 /* Release */ = {
			isa = XCBuildConfiguration;
			baseConfigurationReference = 2EC78CD20C7D8E09165461AC /* Pods-APIKeyPracticeTests.release.xcconfig */;
			buildSettings = {
				ALWAYS_EMBED_SWIFT_STANDARD_LIBRARIES = YES;
				BUNDLE_LOADER = "$(TEST_HOST)";
				CODE_SIGN_STYLE = Automatic;
				DEVELOPMENT_TEAM = N53995CJPD;
				INFOPLIST_FILE = APIKeyPracticeTests/Info.plist;
				IPHONEOS_DEPLOYMENT_TARGET = 14.4;
				LD_RUNPATH_SEARCH_PATHS = (
					"$(inherited)",
					"@executable_path/Frameworks",
					"@loader_path/Frameworks",
				);
				PRODUCT_BUNDLE_IDENTIFIER = com.tatsuo.APIKeyPracticeTests;
				PRODUCT_NAME = "$(TARGET_NAME)";
				SWIFT_VERSION = 5.0;
				TARGETED_DEVICE_FAMILY = "1,2";
				TEST_HOST = "$(BUILT_PRODUCTS_DIR)/APIKeyPractice.app/APIKeyPractice";
			};
			name = Release;
		};
		7579EBDF2635623E00AE29D3 /* Debug */ = {
			isa = XCBuildConfiguration;
			baseConfigurationReference = 9A7B1CCA4C3EFA034AFFAA5B /* Pods-APIKeyPractice-APIKeyPracticeUITests.debug.xcconfig */;
			buildSettings = {
				ALWAYS_EMBED_SWIFT_STANDARD_LIBRARIES = YES;
				CODE_SIGN_STYLE = Automatic;
				DEVELOPMENT_TEAM = N53995CJPD;
				INFOPLIST_FILE = APIKeyPracticeUITests/Info.plist;
				LD_RUNPATH_SEARCH_PATHS = (
					"$(inherited)",
					"@executable_path/Frameworks",
					"@loader_path/Frameworks",
				);
				PRODUCT_BUNDLE_IDENTIFIER = com.tatsuo.APIKeyPracticeUITests;
				PRODUCT_NAME = "$(TARGET_NAME)";
				SWIFT_VERSION = 5.0;
				TARGETED_DEVICE_FAMILY = "1,2";
				TEST_TARGET_NAME = APIKeyPractice;
			};
			name = Debug;
		};
		7579EBE02635623E00AE29D3 /* Release */ = {
			isa = XCBuildConfiguration;
			baseConfigurationReference = 4619D77FEAE7A441831C2678 /* Pods-APIKeyPractice-APIKeyPracticeUITests.release.xcconfig */;
			buildSettings = {
				ALWAYS_EMBED_SWIFT_STANDARD_LIBRARIES = YES;
				CODE_SIGN_STYLE = Automatic;
				DEVELOPMENT_TEAM = N53995CJPD;
				INFOPLIST_FILE = APIKeyPracticeUITests/Info.plist;
				LD_RUNPATH_SEARCH_PATHS = (
					"$(inherited)",
					"@executable_path/Frameworks",
					"@loader_path/Frameworks",
				);
				PRODUCT_BUNDLE_IDENTIFIER = com.tatsuo.APIKeyPracticeUITests;
				PRODUCT_NAME = "$(TARGET_NAME)";
				SWIFT_VERSION = 5.0;
				TARGETED_DEVICE_FAMILY = "1,2";
				TEST_TARGET_NAME = APIKeyPractice;
			};
			name = Release;
		};
/* End XCBuildConfiguration section */

/* Begin XCConfigurationList section */
		7579EBA92635623900AE29D3 /* Build configuration list for PBXProject "APIKeyPractice" */ = {
			isa = XCConfigurationList;
			buildConfigurations = (
				7579EBD62635623E00AE29D3 /* Debug */,
				7579EBD72635623E00AE29D3 /* Release */,
			);
			defaultConfigurationIsVisible = 0;
			defaultConfigurationName = Release;
		};
		7579EBD82635623E00AE29D3 /* Build configuration list for PBXNativeTarget "APIKeyPractice" */ = {
			isa = XCConfigurationList;
			buildConfigurations = (
				7579EBD92635623E00AE29D3 /* Debug */,
				7579EBDA2635623E00AE29D3 /* Release */,
			);
			defaultConfigurationIsVisible = 0;
			defaultConfigurationName = Release;
		};
		7579EBDB2635623E00AE29D3 /* Build configuration list for PBXNativeTarget "APIKeyPracticeTests" */ = {
			isa = XCConfigurationList;
			buildConfigurations = (
				7579EBDC2635623E00AE29D3 /* Debug */,
				7579EBDD2635623E00AE29D3 /* Release */,
			);
			defaultConfigurationIsVisible = 0;
			defaultConfigurationName = Release;
		};
		7579EBDE2635623E00AE29D3 /* Build configuration list for PBXNativeTarget "APIKeyPracticeUITests" */ = {
			isa = XCConfigurationList;
			buildConfigurations = (
				7579EBDF2635623E00AE29D3 /* Debug */,
				7579EBE02635623E00AE29D3 /* Release */,
			);
			defaultConfigurationIsVisible = 0;
			defaultConfigurationName = Release;
		};
/* End XCConfigurationList section */
	};
	rootObject = 7579EBA62635623900AE29D3 /* Project object */;
}
